
Microsoft Visual Studio Solution File, Format Version 12.00
# Visual Studio Version 17
VisualStudioVersion = 17.0.31903.59
MinimumVisualStudioVersion = 10.0.40219.1
Project("{9A19103F-16F7-4668-BE54-9A1E7A4F7556}") = "MediatR.Features.Abstractions", "MediatR.Features.Abstractions\MediatR.Features.Abstractions.csproj", "{3D1D3583-3E51-45C7-8762-1C8F00EA94B4}"
EndProject
Project("{9A19103F-16F7-4668-BE54-9A1E7A4F7556}") = "MediatR.Features.ExampleApi", "MediatR.Features.ExampleApi\MediatR.Features.ExampleApi.csproj", "{467C2A7E-F011-4733-B4C4-AD43E4387466}"
EndProject
Project("{9A19103F-16F7-4668-BE54-9A1E7A4F7556}") = "MediatR.Features.AspNetCore", "MediatR.Features.AspNetCore\MediatR.Features.AspNetCore.csproj", "{8BE726A5-5FFE-43B7-BDCC-8C2FAD868F40}"
EndProject
Project("{9A19103F-16F7-4668-BE54-9A1E7A4F7556}") = "MediatR.Features.ExampleFeatures", "MediatR.Features.ExampleFeatures\MediatR.Features.ExampleFeatures.csproj", "{E7879CEC-F601-4E7A-AF9A-E06F89E2ECA3}"
EndProject
Project("{9A19103F-16F7-4668-BE54-9A1E7A4F7556}") = "Utilities", "Utilities\Utilities.csproj", "{7234C745-7110-4714-86FD-7CADB7DCA2F2}"
EndProject
Project("{9A19103F-16F7-4668-BE54-9A1E7A4F7556}") = "MediatR.Features.IntegrationTests", "MediatR.Features.IntegrationTests\MediatR.Features.IntegrationTests.csproj", "{28BF96DA-CEAE-47EF-87D8-5F3904FE06A9}"
EndProject
Project("{9A19103F-16F7-4668-BE54-9A1E7A4F7556}") = "MediatR.Features.ExampleContracts", "MediatR.Features.ExampleContracts\MediatR.Features.ExampleContracts.csproj", "{6838A054-7FC3-439A-9A63-1D3AB0BAAE52}"
EndProject
Project("{9A19103F-16F7-4668-BE54-9A1E7A4F7556}") = "MediatR.Features.Attributes", "MediatR.Features.Attributes\MediatR.Features.Attributes.csproj", "{28D60811-7E32-4353-92FE-753AB438A376}"
EndProject
Project("{FAE04EC0-301F-11D3-BF4B-00C04F79EFBC}") = "MediatR.Features.Attributes.UnitTests", "MediatR.Features.Attributes.UnitTests\MediatR.Features.Attributes.UnitTests.csproj", "{DC59DFBF-37A1-4FDB-9C3E-CC503368BFA4}"
EndProject
Global
	GlobalSection(SolutionConfigurationPlatforms) = preSolution
		Debug|Any CPU = Debug|Any CPU
		Release|Any CPU = Release|Any CPU
	EndGlobalSection
	GlobalSection(ProjectConfigurationPlatforms) = postSolution
		{3D1D3583-3E51-45C7-8762-1C8F00EA94B4}.Debug|Any CPU.ActiveCfg = Debug|Any CPU
		{3D1D3583-3E51-45C7-8762-1C8F00EA94B4}.Debug|Any CPU.Build.0 = Debug|Any CPU
		{3D1D3583-3E51-45C7-8762-1C8F00EA94B4}.Release|Any CPU.ActiveCfg = Release|Any CPU
		{3D1D3583-3E51-45C7-8762-1C8F00EA94B4}.Release|Any CPU.Build.0 = Release|Any CPU
		{467C2A7E-F011-4733-B4C4-AD43E4387466}.Debug|Any CPU.ActiveCfg = Debug|Any CPU
		{467C2A7E-F011-4733-B4C4-AD43E4387466}.Debug|Any CPU.Build.0 = Debug|Any CPU
		{467C2A7E-F011-4733-B4C4-AD43E4387466}.Release|Any CPU.ActiveCfg = Release|Any CPU
		{467C2A7E-F011-4733-B4C4-AD43E4387466}.Release|Any CPU.Build.0 = Release|Any CPU
		{8BE726A5-5FFE-43B7-BDCC-8C2FAD868F40}.Debug|Any CPU.ActiveCfg = Debug|Any CPU
		{8BE726A5-5FFE-43B7-BDCC-8C2FAD868F40}.Debug|Any CPU.Build.0 = Debug|Any CPU
		{8BE726A5-5FFE-43B7-BDCC-8C2FAD868F40}.Release|Any CPU.ActiveCfg = Release|Any CPU
		{8BE726A5-5FFE-43B7-BDCC-8C2FAD868F40}.Release|Any CPU.Build.0 = Release|Any CPU
		{E7879CEC-F601-4E7A-AF9A-E06F89E2ECA3}.Debug|Any CPU.ActiveCfg = Debug|Any CPU
		{E7879CEC-F601-4E7A-AF9A-E06F89E2ECA3}.Debug|Any CPU.Build.0 = Debug|Any CPU
		{E7879CEC-F601-4E7A-AF9A-E06F89E2ECA3}.Release|Any CPU.ActiveCfg = Release|Any CPU
		{E7879CEC-F601-4E7A-AF9A-E06F89E2ECA3}.Release|Any CPU.Build.0 = Release|Any CPU
		{7234C745-7110-4714-86FD-7CADB7DCA2F2}.Debug|Any CPU.ActiveCfg = Debug|Any CPU
		{7234C745-7110-4714-86FD-7CADB7DCA2F2}.Debug|Any CPU.Build.0 = Debug|Any CPU
		{7234C745-7110-4714-86FD-7CADB7DCA2F2}.Release|Any CPU.ActiveCfg = Release|Any CPU
		{7234C745-7110-4714-86FD-7CADB7DCA2F2}.Release|Any CPU.Build.0 = Release|Any CPU
		{28BF96DA-CEAE-47EF-87D8-5F3904FE06A9}.Debug|Any CPU.ActiveCfg = Debug|Any CPU
		{28BF96DA-CEAE-47EF-87D8-5F3904FE06A9}.Debug|Any CPU.Build.0 = Debug|Any CPU
		{28BF96DA-CEAE-47EF-87D8-5F3904FE06A9}.Release|Any CPU.ActiveCfg = Release|Any CPU
		{28BF96DA-CEAE-47EF-87D8-5F3904FE06A9}.Release|Any CPU.Build.0 = Release|Any CPU
		{6838A054-7FC3-439A-9A63-1D3AB0BAAE52}.Debug|Any CPU.ActiveCfg = Debug|Any CPU
		{6838A054-7FC3-439A-9A63-1D3AB0BAAE52}.Debug|Any CPU.Build.0 = Debug|Any CPU
		{6838A054-7FC3-439A-9A63-1D3AB0BAAE52}.Release|Any CPU.ActiveCfg = Release|Any CPU
		{6838A054-7FC3-439A-9A63-1D3AB0BAAE52}.Release|Any CPU.Build.0 = Release|Any CPU
		{28D60811-7E32-4353-92FE-753AB438A376}.Debug|Any CPU.ActiveCfg = Debug|Any CPU
		{28D60811-7E32-4353-92FE-753AB438A376}.Debug|Any CPU.Build.0 = Debug|Any CPU
		{28D60811-7E32-4353-92FE-753AB438A376}.Release|Any CPU.ActiveCfg = Release|Any CPU
		{28D60811-7E32-4353-92FE-753AB438A376}.Release|Any CPU.Build.0 = Release|Any CPU
		{DC59DFBF-37A1-4FDB-9C3E-CC503368BFA4}.Debug|Any CPU.ActiveCfg = Debug|Any CPU
		{DC59DFBF-37A1-4FDB-9C3E-CC503368BFA4}.Debug|Any CPU.Build.0 = Debug|Any CPU
		{DC59DFBF-37A1-4FDB-9C3E-CC503368BFA4}.Release|Any CPU.ActiveCfg = Release|Any CPU
		{DC59DFBF-37A1-4FDB-9C3E-CC503368BFA4}.Release|Any CPU.Build.0 = Release|Any CPU
	EndGlobalSection
	GlobalSection(SolutionProperties) = preSolution
		HideSolutionNode = FALSE
	EndGlobalSection
	GlobalSection(ExtensibilityGlobals) = postSolution
		SolutionGuid = {248AB4A8-7F74-4B9F-AAB9-ED70996FD07F}
	EndGlobalSection
EndGlobal
